
Microsoft Visual Studio Solution File, Format Version 12.00
# Visual Studio Version 17
VisualStudioVersion = 17.11.35312.102
MinimumVisualStudioVersion = 10.0.40219.1
Project("{FAE04EC0-301F-11D3-BF4B-00C04F79EFBC}") = "BasicFashionWebsite.Server", "BasicFashionWebsite.Server\BasicFashionWebsite.Server.csproj", "{29B20E48-D755-4CCA-AFAD-8FBA95F283FE}"
EndProject
Project("{54A90642-561A-4BB1-A94E-469ADEE60C69}") = "basicfashionwebsite.client", "basicfashionwebsite.client\basicfashionwebsite.client.esproj", "{5568C2F4-5160-4A01-BB16-FD1AAC726FFC}"
EndProject
Global
	GlobalSection(SolutionConfigurationPlatforms) = preSolution
		Debug|Any CPU = Debug|Any CPU
		Release|Any CPU = Release|Any CPU
	EndGlobalSection
	GlobalSection(ProjectConfigurationPlatforms) = postSolution
		{29B20E48-D755-4CCA-AFAD-8FBA95F283FE}.Debug|Any CPU.ActiveCfg = Debug|Any CPU
		{29B20E48-D755-4CCA-AFAD-8FBA95F283FE}.Debug|Any CPU.Build.0 = Debug|Any CPU
		{29B20E48-D755-4CCA-AFAD-8FBA95F283FE}.Release|Any CPU.ActiveCfg = Release|Any CPU
		{29B20E48-D755-4CCA-AFAD-8FBA95F283FE}.Release|Any CPU.Build.0 = Release|Any CPU
		{5568C2F4-5160-4A01-BB16-FD1AAC726FFC}.Debug|Any CPU.ActiveCfg = Debug|Any CPU
		{5568C2F4-5160-4A01-BB16-FD1AAC726FFC}.Debug|Any CPU.Build.0 = Debug|Any CPU
		{5568C2F4-5160-4A01-BB16-FD1AAC726FFC}.Debug|Any CPU.Deploy.0 = Debug|Any CPU
		{5568C2F4-5160-4A01-BB16-FD1AAC726FFC}.Release|Any CPU.ActiveCfg = Release|Any CPU
		{5568C2F4-5160-4A01-BB16-FD1AAC726FFC}.Release|Any CPU.Build.0 = Release|Any CPU
		{5568C2F4-5160-4A01-BB16-FD1AAC726FFC}.Release|Any CPU.Deploy.0 = Release|Any CPU
	EndGlobalSection
	GlobalSection(SolutionProperties) = preSolution
		HideSolutionNode = FALSE
	EndGlobalSection
	GlobalSection(ExtensibilityGlobals) = postSolution
		SolutionGuid = {036FEF68-17BB-4FFF-8F0F-F9FD5B13C74E}
	EndGlobalSection
EndGlobal
